
Microsoft Visual Studio Solution File, Format Version 12.00
# Visual Studio 15
Project("{FAE04EC0-301F-11D3-BF4B-00C04F79EFBC}") = "Unity.LevelPlay", "Unity.LevelPlay.csproj", "{38E27528-6579-9E69-40A0-A4EEAFD535B6}"
EndProject
Project("{FAE04EC0-301F-11D3-BF4B-00C04F79EFBC}") = "Unity.LevelPlay.Editor", "Unity.LevelPlay.Editor.csproj", "{CFDC284D-82B0-5490-DCC0-766C6D83E710}"
EndProject
Project("{FAE04EC0-301F-11D3-BF4B-00C04F79EFBC}") = "Assembly-CSharp", "Assembly-CSharp.csproj", "{CD8C9303-404B-FB8D-6B9B-21988D5CAC0A}"
EndProject
Project("{FAE04EC0-301F-11D3-BF4B-00C04F79EFBC}") = "Assembly-CSharp-Editor", "Assembly-CSharp-Editor.csproj", "{6311E6C6-0A20-383B-320B-694068DE37A5}"
EndProject
Global
	GlobalSection(SolutionConfigurationPlatforms) = preSolution
		Debug|Any CPU = Debug|Any CPU
		Release|Any CPU = Release|Any CPU
	EndGlobalSection
	GlobalSection(ProjectConfigurationPlatforms) = postSolution
		{38E27528-6579-9E69-40A0-A4EEAFD535B6}.Debug|Any CPU.ActiveCfg = Debug|Any CPU
		{38E27528-6579-9E69-40A0-A4EEAFD535B6}.Debug|Any CPU.Build.0 = Debug|Any CPU
		{38E27528-6579-9E69-40A0-A4EEAFD535B6}.Release|Any CPU.ActiveCfg = Release|Any CPU
		{38E27528-6579-9E69-40A0-A4EEAFD535B6}.Release|Any CPU.Build.0 = Release|Any CPU
		{CFDC284D-82B0-5490-DCC0-766C6D83E710}.Debug|Any CPU.ActiveCfg = Debug|Any CPU
		{CFDC284D-82B0-5490-DCC0-766C6D83E710}.Debug|Any CPU.Build.0 = Debug|Any CPU
		{CFDC284D-82B0-5490-DCC0-766C6D83E710}.Release|Any CPU.ActiveCfg = Release|Any CPU
		{CFDC284D-82B0-5490-DCC0-766C6D83E710}.Release|Any CPU.Build.0 = Release|Any CPU
		{CD8C9303-404B-FB8D-6B9B-21988D5CAC0A}.Debug|Any CPU.ActiveCfg = Debug|Any CPU
		{CD8C9303-404B-FB8D-6B9B-21988D5CAC0A}.Debug|Any CPU.Build.0 = Debug|Any CPU
		{CD8C9303-404B-FB8D-6B9B-21988D5CAC0A}.Release|Any CPU.ActiveCfg = Release|Any CPU
		{CD8C9303-404B-FB8D-6B9B-21988D5CAC0A}.Release|Any CPU.Build.0 = Release|Any CPU
		{6311E6C6-0A20-383B-320B-694068DE37A5}.Debug|Any CPU.ActiveCfg = Debug|Any CPU
		{6311E6C6-0A20-383B-320B-694068DE37A5}.Debug|Any CPU.Build.0 = Debug|Any CPU
		{6311E6C6-0A20-383B-320B-694068DE37A5}.Release|Any CPU.ActiveCfg = Release|Any CPU
		{6311E6C6-0A20-383B-320B-694068DE37A5}.Release|Any CPU.Build.0 = Release|Any CPU
	EndGlobalSection
	GlobalSection(SolutionProperties) = preSolution
		HideSolutionNode = FALSE
	EndGlobalSection
EndGlobal
